
Microsoft Visual Studio Solution File, Format Version 12.00
# Visual Studio Version 17
VisualStudioVersion = 17.14.36915.13
MinimumVisualStudioVersion = 10.0.40219.1
Project("{FAE04EC0-301F-11D3-BF4B-00C04F79EFBC}") = "Roz.Language", "Roz.Language\Roz.Language.csproj", "{67BEF962-E686-440C-A2BE-D35376566198}"
EndProject
Project("{FAE04EC0-301F-11D3-BF4B-00C04F79EFBC}") = "Roz.Cli", "Roz.Cli\Roz.Cli.csproj", "{0527B7F2-EBA2-407B-9834-56F79D7C3EA7}"
EndProject
Project("{FAE04EC0-301F-11D3-BF4B-00C04F79EFBC}") = "RozDsl.Vsix", "RozDsl.Vsix\RozDsl.Vsix.csproj", "{00C6B354-CEF8-4BE5-964B-9E188925AB8E}"
EndProject
Project("{FAE04EC0-301F-11D3-BF4B-00C04F79EFBC}") = "Roz.Lsp", "Roz.Lsp\Roz.Lsp.csproj", "{075323B9-7491-4EDA-B35D-12AE6715CF36}"
EndProject
Global
	GlobalSection(SolutionConfigurationPlatforms) = preSolution
		Debug|Any CPU = Debug|Any CPU
		Release|Any CPU = Release|Any CPU
	EndGlobalSection
	GlobalSection(ProjectConfigurationPlatforms) = postSolution
		{67BEF962-E686-440C-A2BE-D35376566198}.Debug|Any CPU.ActiveCfg = Debug|Any CPU
		{67BEF962-E686-440C-A2BE-D35376566198}.Debug|Any CPU.Build.0 = Debug|Any CPU
		{67BEF962-E686-440C-A2BE-D35376566198}.Release|Any CPU.ActiveCfg = Release|Any CPU
		{67BEF962-E686-440C-A2BE-D35376566198}.Release|Any CPU.Build.0 = Release|Any CPU
		{0527B7F2-EBA2-407B-9834-56F79D7C3EA7}.Debug|Any CPU.ActiveCfg = Debug|Any CPU
		{0527B7F2-EBA2-407B-9834-56F79D7C3EA7}.Debug|Any CPU.Build.0 = Debug|Any CPU
		{0527B7F2-EBA2-407B-9834-56F79D7C3EA7}.Release|Any CPU.ActiveCfg = Release|Any CPU
		{0527B7F2-EBA2-407B-9834-56F79D7C3EA7}.Release|Any CPU.Build.0 = Release|Any CPU
		{00C6B354-CEF8-4BE5-964B-9E188925AB8E}.Debug|Any CPU.ActiveCfg = Debug|Any CPU
		{00C6B354-CEF8-4BE5-964B-9E188925AB8E}.Debug|Any CPU.Build.0 = Debug|Any CPU
		{00C6B354-CEF8-4BE5-964B-9E188925AB8E}.Release|Any CPU.ActiveCfg = Release|Any CPU
		{00C6B354-CEF8-4BE5-964B-9E188925AB8E}.Release|Any CPU.Build.0 = Release|Any CPU
		{075323B9-7491-4EDA-B35D-12AE6715CF36}.Debug|Any CPU.ActiveCfg = Debug|Any CPU
		{075323B9-7491-4EDA-B35D-12AE6715CF36}.Debug|Any CPU.Build.0 = Debug|Any CPU
		{075323B9-7491-4EDA-B35D-12AE6715CF36}.Release|Any CPU.ActiveCfg = Release|Any CPU
		{075323B9-7491-4EDA-B35D-12AE6715CF36}.Release|Any CPU.Build.0 = Release|Any CPU
	EndGlobalSection
	GlobalSection(SolutionProperties) = preSolution
		HideSolutionNode = FALSE
	EndGlobalSection
	GlobalSection(ExtensibilityGlobals) = postSolution
		SolutionGuid = {B2D21A5B-AB95-430A-8BCE-0EDA7D38F55F}
	EndGlobalSection
EndGlobal
